
Microsoft Visual Studio Solution File, Format Version 12.00
# Visual Studio Version 17
VisualStudioVersion = 17.9.34607.119
MinimumVisualStudioVersion = 10.0.40219.1
Project("{9A19103F-16F7-4668-BE54-9A1E7A4F7556}") = "webProject", "webProject\webProject.csproj", "{210E2F95-E6DC-4EE7-9677-D2471E1006D0}"
EndProject
Project("{9A19103F-16F7-4668-BE54-9A1E7A4F7556}") = "LLama.WebAPI", "LLamaSharp\LLama.WebAPI\LLama.WebAPI.csproj", "{E33F3A84-4CFE-4449-BFC4-2C506635EACD}"
EndProject
Global
	GlobalSection(SolutionConfigurationPlatforms) = preSolution
		Debug|Any CPU = Debug|Any CPU
		Release|Any CPU = Release|Any CPU
	EndGlobalSection
	GlobalSection(ProjectConfigurationPlatforms) = postSolution
		{210E2F95-E6DC-4EE7-9677-D2471E1006D0}.Debug|Any CPU.ActiveCfg = Debug|Any CPU
		{210E2F95-E6DC-4EE7-9677-D2471E1006D0}.Debug|Any CPU.Build.0 = Debug|Any CPU
		{210E2F95-E6DC-4EE7-9677-D2471E1006D0}.Release|Any CPU.ActiveCfg = Release|Any CPU
		{210E2F95-E6DC-4EE7-9677-D2471E1006D0}.Release|Any CPU.Build.0 = Release|Any CPU
		{E33F3A84-4CFE-4449-BFC4-2C506635EACD}.Debug|Any CPU.ActiveCfg = Debug|Any CPU
		{E33F3A84-4CFE-4449-BFC4-2C506635EACD}.Debug|Any CPU.Build.0 = Debug|Any CPU
		{E33F3A84-4CFE-4449-BFC4-2C506635EACD}.Release|Any CPU.ActiveCfg = Release|Any CPU
		{E33F3A84-4CFE-4449-BFC4-2C506635EACD}.Release|Any CPU.Build.0 = Release|Any CPU
	EndGlobalSection
	GlobalSection(SolutionProperties) = preSolution
		HideSolutionNode = FALSE
	EndGlobalSection
	GlobalSection(ExtensibilityGlobals) = postSolution
		SolutionGuid = {05B98007-92E5-40D3-BA31-5BE84BCE5670}
	EndGlobalSection
EndGlobal
